
Microsoft Visual Studio Solution File, Format Version 12.00
# Visual Studio Version 16
VisualStudioVersion = 16.0.31911.196
MinimumVisualStudioVersion = 10.0.40219.1
Project("{FAE04EC0-301F-11D3-BF4B-00C04F79EFBC}") = "Arreglos", "Arreglos.csproj", "{41736F0E-F912-4894-A834-137DEA5F1768}"
EndProject
Global
	GlobalSection(SolutionConfigurationPlatforms) = preSolution
		Debug|Any CPU = Debug|Any CPU
		Release|Any CPU = Release|Any CPU
	EndGlobalSection
	GlobalSection(ProjectConfigurationPlatforms) = postSolution
		{41736F0E-F912-4894-A834-137DEA5F1768}.Debug|Any CPU.ActiveCfg = Debug|Any CPU
		{41736F0E-F912-4894-A834-137DEA5F1768}.Debug|Any CPU.Build.0 = Debug|Any CPU
		{41736F0E-F912-4894-A834-137DEA5F1768}.Release|Any CPU.ActiveCfg = Release|Any CPU
		{41736F0E-F912-4894-A834-137DEA5F1768}.Release|Any CPU.Build.0 = Release|Any CPU
	EndGlobalSection
	GlobalSection(SolutionProperties) = preSolution
		HideSolutionNode = FALSE
	EndGlobalSection
	GlobalSection(ExtensibilityGlobals) = postSolution
		SolutionGuid = {105531DE-D0F2-4B4D-995F-42B8613C21F0}
	EndGlobalSection
EndGlobal
